
Microsoft Visual Studio Solution File, Format Version 12.00
# Visual Studio Version 16
VisualStudioVersion = 16.0.32510.428
MinimumVisualStudioVersion = 10.0.40219.1
Project("{FAE04EC0-301F-11D3-BF4B-00C04F79EFBC}") = "WPF-LoginForm", "WPF-LoginForm\WPF-LoginForm.csproj", "{B88027D1-FD36-4AA4-8FE3-1803A15C3EF2}"
EndProject
Global
	GlobalSection(SolutionConfigurationPlatforms) = preSolution
		Debug|Any CPU = Debug|Any CPU
		Release|Any CPU = Release|Any CPU
	EndGlobalSection
	GlobalSection(ProjectConfigurationPlatforms) = postSolution
		{B88027D1-FD36-4AA4-8FE3-1803A15C3EF2}.Debug|Any CPU.ActiveCfg = Debug|Any CPU
		{B88027D1-FD36-4AA4-8FE3-1803A15C3EF2}.Debug|Any CPU.Build.0 = Debug|Any CPU
		{B88027D1-FD36-4AA4-8FE3-1803A15C3EF2}.Release|Any CPU.ActiveCfg = Release|Any CPU
		{B88027D1-FD36-4AA4-8FE3-1803A15C3EF2}.Release|Any CPU.Build.0 = Release|Any CPU
	EndGlobalSection
	GlobalSection(SolutionProperties) = preSolution
		HideSolutionNode = FALSE
	EndGlobalSection
	GlobalSection(ExtensibilityGlobals) = postSolution
		SolutionGuid = {A2767FC0-CA7B-4E1D-8BFF-845982DE4682}
	EndGlobalSection
EndGlobal
